
Microsoft Visual Studio Solution File, Format Version 12.00
# Visual Studio 15
Project("{FAE04EC0-301F-11D3-BF4B-00C04F79EFBC}") = "Assembly-CSharp", "Assembly-CSharp.csproj", "{001916E0-3058-B80A-5C96-C701C73541B0}"
EndProject
Project("{FAE04EC0-301F-11D3-BF4B-00C04F79EFBC}") = "Assembly-CSharp-Editor", "Assembly-CSharp-Editor.csproj", "{297AC596-EE41-796E-2294-FB501A78E892}"
EndProject
Global
	GlobalSection(SolutionConfigurationPlatforms) = preSolution
		Debug|Any CPU = Debug|Any CPU
		Release|Any CPU = Release|Any CPU
	EndGlobalSection
	GlobalSection(ProjectConfigurationPlatforms) = postSolution
		{001916E0-3058-B80A-5C96-C701C73541B0}.Debug|Any CPU.ActiveCfg = Debug|Any CPU
		{001916E0-3058-B80A-5C96-C701C73541B0}.Debug|Any CPU.Build.0 = Debug|Any CPU
		{001916E0-3058-B80A-5C96-C701C73541B0}.Release|Any CPU.ActiveCfg = Release|Any CPU
		{001916E0-3058-B80A-5C96-C701C73541B0}.Release|Any CPU.Build.0 = Release|Any CPU
		{297AC596-EE41-796E-2294-FB501A78E892}.Debug|Any CPU.ActiveCfg = Debug|Any CPU
		{297AC596-EE41-796E-2294-FB501A78E892}.Debug|Any CPU.Build.0 = Debug|Any CPU
		{297AC596-EE41-796E-2294-FB501A78E892}.Release|Any CPU.ActiveCfg = Release|Any CPU
		{297AC596-EE41-796E-2294-FB501A78E892}.Release|Any CPU.Build.0 = Release|Any CPU
	EndGlobalSection
	GlobalSection(SolutionProperties) = preSolution
		HideSolutionNode = FALSE
	EndGlobalSection
EndGlobal
